
Microsoft Visual Studio Solution File, Format Version 12.00
# Visual Studio Version 16
VisualStudioVersion = 16.0.31005.135
MinimumVisualStudioVersion = 10.0.40219.1
Project("{9A19103F-16F7-4668-BE54-9A1E7A4F7556}") = "Nullability", "Nullability\Nullability.csproj", "{E710505E-C7AD-4BFC-9ADB-A06A3B7F1212}"
EndProject
Project("{2150E333-8FDC-42A3-9474-1A3956D46DE8}") = "Solution Items", "Solution Items", "{0E5CC5A6-9C71-4014-A37A-FFAF36CA024B}"
	ProjectSection(SolutionItems) = preProject
		.editorconfig = .editorconfig
		Directory.Build.props = Directory.Build.props
	EndProjectSection
EndProject
Project("{FAE04EC0-301F-11D3-BF4B-00C04F79EFBC}") = "Nullability-framework472", "Nullability-framework472\Nullability-framework472.csproj", "{3686A390-29F5-46D3-8CF4-9D45E6098F0A}"
EndProject
Global
	GlobalSection(SolutionConfigurationPlatforms) = preSolution
		Debug|Any CPU = Debug|Any CPU
		Release|Any CPU = Release|Any CPU
	EndGlobalSection
	GlobalSection(ProjectConfigurationPlatforms) = postSolution
		{E710505E-C7AD-4BFC-9ADB-A06A3B7F1212}.Debug|Any CPU.ActiveCfg = Debug|Any CPU
		{E710505E-C7AD-4BFC-9ADB-A06A3B7F1212}.Debug|Any CPU.Build.0 = Debug|Any CPU
		{E710505E-C7AD-4BFC-9ADB-A06A3B7F1212}.Release|Any CPU.ActiveCfg = Release|Any CPU
		{E710505E-C7AD-4BFC-9ADB-A06A3B7F1212}.Release|Any CPU.Build.0 = Release|Any CPU
		{3686A390-29F5-46D3-8CF4-9D45E6098F0A}.Debug|Any CPU.ActiveCfg = Debug|Any CPU
		{3686A390-29F5-46D3-8CF4-9D45E6098F0A}.Debug|Any CPU.Build.0 = Debug|Any CPU
		{3686A390-29F5-46D3-8CF4-9D45E6098F0A}.Release|Any CPU.ActiveCfg = Release|Any CPU
		{3686A390-29F5-46D3-8CF4-9D45E6098F0A}.Release|Any CPU.Build.0 = Release|Any CPU
	EndGlobalSection
	GlobalSection(SolutionProperties) = preSolution
		HideSolutionNode = FALSE
	EndGlobalSection
	GlobalSection(ExtensibilityGlobals) = postSolution
		SolutionGuid = {4B8D803D-701B-4DE8-B354-6D8532269CFF}
	EndGlobalSection
EndGlobal
